{
  "name": "expandra",
  "version": "0.1.0",
  "lockfileVersion": 3,
  "requires": true,
  "packages": {
    "": {
      "name": "expandra",
      "version": "0.1.0",
      "devDependencies": {
        "@types/node": "16.x",
        "@types/vscode": "^1.78.0"
      },
      "engines": {
        "vscode": "^1.78.0"
      }
    },
    "node_modules/@types/node": {
      "version": "16.18.29",
      "resolved": "https://registry.npmjs.org/@types/node/-/node-16.18.29.tgz",
      "integrity": "sha512-cal+XTYF4JBwG82kw3m9ktTOyUj7GXcO9i2o+t49y/OF+3asYfpHqTROF1UbV91e71g/UB5wNeL5hfqPthzp8Q==",
      "dev": true
    },
    "node_modules/@types/vscode": {
      "version": "1.78.0",
      "resolved": "https://registry.npmjs.org/@types/vscode/-/vscode-1.78.0.tgz",
      "integrity": "sha512-LJZIJpPvKJ0HVQDqfOy6W4sNKUBBwyDu1Bs8chHBZOe9MNuKTJtidgZ2bqjhmmWpUb0TIIqv47BFUcVmAsgaVA==",
      "dev": true
    }
  }
}
